lockfileVersion: '9.0'

settings:
  autoInstallPeers: true
  excludeLinksFromLockfile: false

overrides:
  '@typelex/cli': link:../../AppData/Local/pnpm/global/5/node_modules/@typelex/cli
  emitter: link:../../AppData/Local/pnpm/global/5/node_modules/@typelex/emitter

importers:

  .:
    dependencies:
      '@atcute/atproto':
        specifier: ^3.1.10
        version: 3.1.10
      '@atcute/client':
        specifier: ^4.2.1
        version: 4.2.1
      '@atcute/jetstream':
        specifier: ^1.1.2
        version: 1.1.2
      '@atcute/lexicons':
        specifier: ^1.2.9
        version: 1.2.9
      '@atcute/tid':
        specifier: ^1.1.2
        version: 1.1.2
      '@atcute/uint8array':
        specifier: ^1.1.1
        version: 1.1.1
      js-base64:
        specifier: ^3.7.8
        version: 3.7.8
      kitty-agent:
        specifier: ^11.0.1
        version: 11.0.1(@atcute/atproto@3.1.10)(@atcute/cid@2.4.1)(@atcute/client@4.2.1)(@atcute/identity-resolver@1.2.2(@atcute/identity@1.1.3))(@atcute/identity@1.1.3)(@atcute/lexicons@1.2.9)(@atcute/oauth-browser-client@3.0.0(@atcute/identity@1.1.3))(@atproto/syntax@0.4.3)
      lib0:
        specifier: ^0.2.117
        version: 0.2.117
      y-protocols:
        specifier: ^1.0.7
        version: 1.0.7(yjs@13.6.29)
      yjs:
        specifier: ^13.6.29
        version: 13.6.29
    devDependencies:
      '@atcute/lex-cli':
        specifier: ^2.5.3
        version: 2.5.3
      '@biomejs/biome':
        specifier: 1.9.4
        version: 1.9.4
      '@typelex/cli':
        specifier: link:../../AppData/Local/pnpm/global/5/node_modules/@typelex/cli
        version: link:../../AppData/Local/pnpm/global/5/node_modules/@typelex/cli
      '@typelex/emitter':
        specifier: ^0.4.0
        version: 0.4.0(@typespec/compiler@1.9.0(@types/node@25.3.5))

packages:

  '@atcute/atproto@3.1.10':
    resolution: {integrity: sha512-+GKZpOc0PJcdWMQEkTfg/rSNDAAHxmAUGBl60g2az15etqJn5WaUPNGFE2sB7hKpwi5Ue2h/L0OacINcE/JDDQ==}

  '@atcute/car@5.1.1':
    resolution: {integrity: sha512-MeRUJNXYgAHrJZw7mMoZJb9xIqv3LZLQw90rRRAVAo8SGNdICwyqe6Bf2LGesX73QM04MBuYO6Kqhvold3TFfg==}

  '@atcute/cbor@2.3.2':
    resolution: {integrity: sha512-xP2SORSau/VVI00x2V4BjwIkHr6EQ7l/MXEOPaa4LGYtePFc4gnD4L1yN10dT5NEuUnvGEuCh6arLB7gz1smVQ==}

  '@atcute/cid@2.4.1':
    resolution: {integrity: sha512-bwhna69RCv7yetXudtj+2qrMPYvhhIQqvJz6YUpUS98v7OdF3X2dnye9Nig2NDrklZcuyOsu7sQo7GOykJXRLQ==}

  '@atcute/client@4.2.1':
    resolution: {integrity: sha512-ZBFM2pW075JtgGFu5g7HHZBecrClhlcNH8GVP9Zz1aViWR+cjjBsTpeE63rJs+FCOHFYlirUyo5L8SGZ4kMINw==}

  '@atcute/crypto@2.4.0':
    resolution: {integrity: sha512-XtEeDaSgfr92C7b1VDRvd3F9pI8tVUyy8PJAeu8IWQC7+e/GXZOSl58uWh5YP/9p1Lsa0I16uKHwogygxEwlMQ==}

  '@atcute/identity-resolver@1.2.2':
    resolution: {integrity: sha512-eUh/UH4bFvuXS0X7epYCeJC/kj4rbBXfSRumLEH4smMVwNOgTo7cL/0Srty+P/qVPoZEyXdfEbS0PHJyzoXmHw==}
    peerDependencies:
      '@atcute/identity': ^1.0.0

  '@atcute/identity@1.1.3':
    resolution: {integrity: sha512-oIqPoI8TwWeQxvcLmFEZLdN2XdWcaLVtlm8pNk0E72As9HNzzD9pwKPrLr3rmTLRIoULPPFmq9iFNsTeCIU9ng==}

  '@atcute/jetstream@1.1.2':
    resolution: {integrity: sha512-u6p/h2xppp7LE6W/9xErAJ6frfN60s8adZuCKtfAaaBBiiYbb1CfpzN8Uc+2qtJZNorqGvuuDb5572Jmh7yHBQ==}

  '@atcute/lex-cli@2.5.3':
    resolution: {integrity: sha512-829rvezMOfRkJQRKvupNT8TWT/YYffJ2QsB80D9aPjkXSogrETZA7xZcPaMZBXg+mJaVbLO9S4ThPQmlF0L4UQ==}
    hasBin: true

  '@atcute/lexicon-doc@2.1.1':
    resolution: {integrity: sha512-DirteHRK0GPLFVsIkaxD2IxUQUtpMO3I/EM8gy+2HAn6nODfN85qDYMefE2oA/QvTa97SVkXaoFNzZkCshx7+g==}

  '@atcute/lexicon-resolver@0.1.6':
    resolution: {integrity: sha512-wJC/ChmpP7k+ywpOd07CMvioXjIGaFpF3bDwXLi/086LYjSWHOvtW6pyC+mqP5wLhjyH2hn4wmi77Buew1l1aw==}
    peerDependencies:
      '@atcute/identity': ^1.1.0
      '@atcute/identity-resolver': ^1.1.3

  '@atcute/lexicons@1.2.9':
    resolution: {integrity: sha512-/RRHm2Cw9o8Mcsrq0eo8fjS9okKYLGfuFwrQ0YoP/6sdSDsXshaTLJsvLlcUcaDaSJ1YFOuHIo3zr2Om2F/16g==}

  '@atcute/mst@1.0.0':
    resolution: {integrity: sha512-pMce2efib+dmKtnGnIvJZitVncJkpr3AmhyfgfYllni8KzsaDGsJmuGavSVpuojAhQe+6jYwHFtpm/beiiH4uw==}

  '@atcute/multibase@1.1.8':
    resolution: {integrity: sha512-pJgtImMZKCjqwRbu+2GzB+4xQjKBXDwdZOzeqe0u97zYKRGftpGYGvYv3+pMe2xXe+msDyu7Nv8iJp+U14otTA==}

  '@atcute/oauth-browser-client@3.0.0':
    resolution: {integrity: sha512-7AbKV8tTe7aRJNJV7gCcWHSVEADb2nr58O1p7dQsf73HSe9pvlBkj/Vk1yjjtH691uAVYkwhHSh0bC7D8XdwJw==}

  '@atcute/oauth-crypto@0.1.0':
    resolution: {integrity: sha512-qZYDCNLF/4B6AndYT1rsQelN8621AC5u/sL5PHvlr/qqAbmmUwCBGjEgRSyZtHE1AqD60VNiSMlOgAuEQTSl3w==}

  '@atcute/oauth-keyset@0.1.0':
    resolution: {integrity: sha512-+wqT/+I5Lg9VzKnKY3g88+N45xbq+wsdT6bHDGqCVa2u57gRvolFF4dY+weMfc/OX641BIZO6/o+zFtKBsMQnQ==}

  '@atcute/oauth-types@0.1.1':
    resolution: {integrity: sha512-u+3KMjse3Uc/9hDyilu1QVN7IpcnjVXgRzhddzBB8Uh6wePHNVBDdi9wQvFTVVA3zmxtMJVptXRyLLg6Ou9bqg==}

  '@atcute/repo@0.1.3':
    resolution: {integrity: sha512-kN4gkrkQgJwI5xkVQ9zSdI8ULR47uH48EdJdjMvKAWsSDu8zKYd8ZQ6n778qa6o3WYEq02v9QVf7pzeU+3fYVA==}

  '@atcute/tid@1.1.2':
    resolution: {integrity: sha512-bmPuOX/TOfcm/vsK9vM98spjkcx2wgd9S2PeK5oLgEr8IbNRPq7iMCAPzOL1nu5XAW3LlkOYQEbYRcw5vcQ37w==}

  '@atcute/time-ms@1.2.3':
    resolution: {integrity: sha512-pRrkYSVyPDCWHKp77Ygwg3lxgvfwnh52J3kOIWI1z93kM2jWQDSezbTNDLdJFAJT9xm4rnHsA+toN9Rdhrnidw==}

  '@atcute/uint8array@1.1.1':
    resolution: {integrity: sha512-3LsC8XB8TKe9q/5hOA5sFuzGaIFdJZJNewC5OKa3o/eU6+K7JR6see9Zy2JbQERNVnRl11EzbNov1efgLMAs4g==}

  '@atcute/util-fetch@1.0.5':
    resolution: {integrity: sha512-qjHj01BGxjSjIFdPiAjSARnodJIIyKxnCMMEcXMESo9TAyND6XZQqrie5fia+LlYWVXdpsTds8uFQwc9jdKTig==}

  '@atcute/util-text@1.1.1':
    resolution: {integrity: sha512-JH0SxzUQJAmbOBTYyhxQbkkI6M33YpjlVLEcbP5GYt43xgFArzV0FJVmEpvIj0kjsmphHB45b6IitdvxPdec9w==}

  '@atcute/varint@2.0.0':
    resolution: {integrity: sha512-CEY/oVK/nVpL4e5y3sdenLETDL6/Xu5xsE/0TupK+f0Yv8jcD60t2gD8SHROWSvUwYLdkjczLCSA7YrtnjCzWw==}

  '@atproto/syntax@0.4.3':
    resolution: {integrity: sha512-YoZUz40YAJr5nPwvCDWgodEOlt5IftZqPJvA0JDWjuZKD8yXddTwSzXSaKQAzGOpuM+/A3uXRtPzJJqlScc+iA==}

  '@babel/code-frame@7.28.6':
    resolution: {integrity: sha512-JYgintcMjRiCvS8mMECzaEn+m3PfoQiyqukOMCCVQtoJGYJw8j/8LBJEiqkHLkfwCcs74E3pbAUFNg7d9VNJ+Q==}
    engines: {node: '>=6.9.0'}

  '@babel/helper-validator-identifier@7.28.5':
    resolution: {integrity: sha512-qSs4ifwzKJSV39ucNjsvc6WVHs6b7S03sOh2OcHF9UHfVPqWWALUsNUVzhSBiItjRZoLHx7nIarVjqKVusUZ1Q==}
    engines: {node: '>=6.9.0'}

  '@badrap/valita@0.4.6':
    resolution: {integrity: sha512-4kdqcjyxo/8RQ8ayjms47HCWZIF5981oE5nIenbfThKDxWXtEHKipAOWlflpPJzZx9y/JWYQkp18Awr7VuepFg==}
    engines: {node: '>= 18'}

  '@biomejs/biome@1.9.4':
    resolution: {integrity: sha512-1rkd7G70+o9KkTn5KLmDYXihGoTaIGO9PIIN2ZB7UJxFrWw04CZHPYiMRjYsaDvVV7hP1dYNRLxSANLaBFGpog==}
    engines: {node: '>=14.21.3'}
    hasBin: true

  '@biomejs/cli-darwin-arm64@1.9.4':
    resolution: {integrity: sha512-bFBsPWrNvkdKrNCYeAp+xo2HecOGPAy9WyNyB/jKnnedgzl4W4Hb9ZMzYNbf8dMCGmUdSavlYHiR01QaYR58cw==}
    engines: {node: '>=14.21.3'}
    cpu: [arm64]
    os: [darwin]

  '@biomejs/cli-darwin-x64@1.9.4':
    resolution: {integrity: sha512-ngYBh/+bEedqkSevPVhLP4QfVPCpb+4BBe2p7Xs32dBgs7rh9nY2AIYUL6BgLw1JVXV8GlpKmb/hNiuIxfPfZg==}
    engines: {node: '>=14.21.3'}
    cpu: [x64]
    os: [darwin]

  '@biomejs/cli-linux-arm64-musl@1.9.4':
    resolution: {integrity: sha512-v665Ct9WCRjGa8+kTr0CzApU0+XXtRgwmzIf1SeKSGAv+2scAlW6JR5PMFo6FzqqZ64Po79cKODKf3/AAmECqA==}
    engines: {node: '>=14.21.3'}
    cpu: [arm64]
    os: [linux]
    libc: [musl]

  '@biomejs/cli-linux-arm64@1.9.4':
    resolution: {integrity: sha512-fJIW0+LYujdjUgJJuwesP4EjIBl/N/TcOX3IvIHJQNsAqvV2CHIogsmA94BPG6jZATS4Hi+xv4SkBBQSt1N4/g==}
    engines: {node: '>=14.21.3'}
    cpu: [arm64]
    os: [linux]
    libc: [glibc]

  '@biomejs/cli-linux-x64-musl@1.9.4':
    resolution: {integrity: sha512-gEhi/jSBhZ2m6wjV530Yy8+fNqG8PAinM3oV7CyO+6c3CEh16Eizm21uHVsyVBEB6RIM8JHIl6AGYCv6Q6Q9Tg==}
    engines: {node: '>=14.21.3'}
    cpu: [x64]
    os: [linux]
    libc: [musl]

  '@biomejs/cli-linux-x64@1.9.4':
    resolution: {integrity: sha512-lRCJv/Vi3Vlwmbd6K+oQ0KhLHMAysN8lXoCI7XeHlxaajk06u7G+UsFSO01NAs5iYuWKmVZjmiOzJ0OJmGsMwg==}
    engines: {node: '>=14.21.3'}
    cpu: [x64]
    os: [linux]
    libc: [glibc]

  '@biomejs/cli-win32-arm64@1.9.4':
    resolution: {integrity: sha512-tlbhLk+WXZmgwoIKwHIHEBZUwxml7bRJgk0X2sPyNR3S93cdRq6XulAZRQJ17FYGGzWne0fgrXBKpl7l4M87Hg==}
    engines: {node: '>=14.21.3'}
    cpu: [arm64]
    os: [win32]

  '@biomejs/cli-win32-x64@1.9.4':
    resolution: {integrity: sha512-8Y5wMhVIPaWe6jw2H+KlEm4wP/f7EW3810ZLmDlrEEy5KvBsb9ECEfu/kMWD484ijfQ8+nIi0giMgu9g1UAuuA==}
    engines: {node: '>=14.21.3'}
    cpu: [x64]
    os: [win32]

  '@inquirer/ansi@2.0.3':
    resolution: {integrity: sha512-g44zhR3NIKVs0zUesa4iMzExmZpLUdTLRMCStqX3GE5NT6VkPcxQGJ+uC8tDgBUC/vB1rUhUd55cOf++4NZcmw==}
    engines: {node: '>=23.5.0 || ^22.13.0 || ^21.7.0 || ^20.12.0'}

  '@inquirer/checkbox@5.1.0':
    resolution: {integrity: sha512-/HjF1LN0a1h4/OFsbGKHNDtWICFU/dqXCdym719HFTyJo9IG7Otr+ziGWc9S0iQuohRZllh+WprSgd5UW5Fw0g==}
    engines: {node: '>=23.5.0 || ^22.13.0 || ^21.7.0 || ^20.12.0'}
    peerDependencies:
      '@types/node': '>=18'
    peerDependenciesMeta:
      '@types/node':
        optional: true

  '@inquirer/confirm@6.0.8':
    resolution: {integrity: sha512-Di6dgmiZ9xCSUxWUReWTqDtbhXCuG2MQm2xmgSAIruzQzBqNf49b8E07/vbCYY506kDe8BiwJbegXweG8M1klw==}
    engines: {node: '>=23.5.0 || ^22.13.0 || ^21.7.0 || ^20.12.0'}
    peerDependencies:
      '@types/node': '>=18'
    peerDependenciesMeta:
      '@types/node':
        optional: true

  '@inquirer/core@11.1.5':
    resolution: {integrity: sha512-QQPAX+lka8GyLcZ7u7Nb1h6q72iZ/oy0blilC3IB2nSt1Qqxp7akt94Jqhi/DzARuN3Eo9QwJRvtl4tmVe4T5A==}
    engines: {node: '>=23.5.0 || ^22.13.0 || ^21.7.0 || ^20.12.0'}
    peerDependencies:
      '@types/node': '>=18'
    peerDependenciesMeta:
      '@types/node':
        optional: true

  '@inquirer/editor@5.0.8':
    resolution: {integrity: sha512-sLcpbb9B3XqUEGrj1N66KwhDhEckzZ4nI/W6SvLXyBX8Wic3LDLENlWRvkOGpCPoserabe+MxQkpiMoI8irvyA==}
    engines: {node: '>=23.5.0 || ^22.13.0 || ^21.7.0 || ^20.12.0'}
    peerDependencies:
      '@types/node': '>=18'
    peerDependenciesMeta:
      '@types/node':
        optional: true

  '@inquirer/expand@5.0.8':
    resolution: {integrity: sha512-QieW3F1prNw3j+hxO7/NKkG1pk3oz7pOB6+5Upwu3OIwADfPX0oZVppsqlL+Vl/uBHHDSOBY0BirLctLnXwGGg==}
    engines: {node: '>=23.5.0 || ^22.13.0 || ^21.7.0 || ^20.12.0'}
    peerDependencies:
      '@types/node': '>=18'
    peerDependenciesMeta:
      '@types/node':
        optional: true

  '@inquirer/external-editor@2.0.3':
    resolution: {integrity: sha512-LgyI7Agbda74/cL5MvA88iDpvdXI2KuMBCGRkbCl2Dg1vzHeOgs+s0SDcXV7b+WZJrv2+ERpWSM65Fpi9VfY3w==}
    engines: {node: '>=23.5.0 || ^22.13.0 || ^21.7.0 || ^20.12.0'}
    peerDependencies:
      '@types/node': '>=18'
    peerDependenciesMeta:
      '@types/node':
        optional: true

  '@inquirer/figures@2.0.3':
    resolution: {integrity: sha512-y09iGt3JKoOCBQ3w4YrSJdokcD8ciSlMIWsD+auPu+OZpfxLuyz+gICAQ6GCBOmJJt4KEQGHuZSVff2jiNOy7g==}
    engines: {node: '>=23.5.0 || ^22.13.0 || ^21.7.0 || ^20.12.0'}

  '@inquirer/input@5.0.8':
    resolution: {integrity: sha512-p0IJslw0AmedLEkOU+yrEX3Aj2RTpQq7ZOf8nc1DIhjzaxRWrrgeuE5Kyh39fVRgtcACaMXx/9WNo8+GjgBOfw==}
    engines: {node: '>=23.5.0 || ^22.13.0 || ^21.7.0 || ^20.12.0'}
    peerDependencies:
      '@types/node': '>=18'
    peerDependenciesMeta:
      '@types/node':
        optional: true

  '@inquirer/number@4.0.8':
    resolution: {integrity: sha512-uGLiQah9A0F9UIvJBX52m0CnqtLaym0WpT9V4YZrjZ+YRDKZdwwoEPz06N6w8ChE2lrnsdyhY9sL+Y690Kh9gQ==}
    engines: {node: '>=23.5.0 || ^22.13.0 || ^21.7.0 || ^20.12.0'}
    peerDependencies:
      '@types/node': '>=18'
    peerDependenciesMeta:
      '@types/node':
        optional: true

  '@inquirer/password@5.0.8':
    resolution: {integrity: sha512-zt1sF4lYLdvPqvmvHdmjOzuUUjuCQ897pdUCO8RbXMUDKXJTTyOQgtn23le+jwcb+MpHl3VAFvzIdxRAf6aPlA==}
    engines: {node: '>=23.5.0 || ^22.13.0 || ^21.7.0 || ^20.12.0'}
    peerDependencies:
      '@types/node': '>=18'
    peerDependenciesMeta:
      '@types/node':
        optional: true

  '@inquirer/prompts@8.3.0':
    resolution: {integrity: sha512-JAj66kjdH/F1+B7LCigjARbwstt3SNUOSzMdjpsvwJmzunK88gJeXmcm95L9nw1KynvFVuY4SzXh/3Y0lvtgSg==}
    engines: {node: '>=23.5.0 || ^22.13.0 || ^21.7.0 || ^20.12.0'}
    peerDependencies:
      '@types/node': '>=18'
    peerDependenciesMeta:
      '@types/node':
        optional: true

  '@inquirer/rawlist@5.2.4':
    resolution: {integrity: sha512-fTuJ5Cq9W286isLxwj6GGyfTjx1Zdk4qppVEPexFuA6yioCCXS4V1zfKroQqw7QdbDPN73xs2DiIAlo55+kBqg==}
    engines: {node: '>=23.5.0 || ^22.13.0 || ^21.7.0 || ^20.12.0'}
    peerDependencies:
      '@types/node': '>=18'
    peerDependenciesMeta:
      '@types/node':
        optional: true

  '@inquirer/search@4.1.4':
    resolution: {integrity: sha512-9yPTxq7LPmYjrGn3DRuaPuPbmC6u3fiWcsE9ggfLcdgO/ICHYgxq7mEy1yJ39brVvgXhtOtvDVjDh9slJxE4LQ==}
    engines: {node: '>=23.5.0 || ^22.13.0 || ^21.7.0 || ^20.12.0'}
    peerDependencies:
      '@types/node': '>=18'
    peerDependenciesMeta:
      '@types/node':
        optional: true

  '@inquirer/select@5.1.0':
    resolution: {integrity: sha512-OyYbKnchS1u+zRe14LpYrN8S0wH1vD0p2yKISvSsJdH2TpI87fh4eZdWnpdbrGauCRWDph3NwxRmM4Pcm/hx1Q==}
    engines: {node: '>=23.5.0 || ^22.13.0 || ^21.7.0 || ^20.12.0'}
    peerDependencies:
      '@types/node': '>=18'
    peerDependenciesMeta:
      '@types/node':
        optional: true

  '@inquirer/type@4.0.3':
    resolution: {integrity: sha512-cKZN7qcXOpj1h+1eTTcGDVLaBIHNMT1Rz9JqJP5MnEJ0JhgVWllx7H/tahUp5YEK1qaByH2Itb8wLG/iScD5kw==}
    engines: {node: '>=23.5.0 || ^22.13.0 || ^21.7.0 || ^20.12.0'}
    peerDependencies:
      '@types/node': '>=18'
    peerDependenciesMeta:
      '@types/node':
        optional: true

  '@isaacs/fs-minipass@4.0.1':
    resolution: {integrity: sha512-wgm9Ehl2jpeqP3zw/7mo3kRHFp5MEDhqAdwy1fTGkHAwnkGOVsgpvQhL8B5n1qlb01jV3n/bI0ZfZp5lWA1k4w==}
    engines: {node: '>=18.0.0'}

  '@mary-ext/event-iterator@1.0.0':
    resolution: {integrity: sha512-l6gCPsWJ8aRCe/s7/oCmero70kDHgIK5m4uJvYgwEYTqVxoBOIXbKr5tnkLqUHEg6mNduB4IWvms3h70Hp9ADQ==}

  '@mary-ext/simple-event-emitter@1.0.1':
    resolution: {integrity: sha512-9+VvZisxZ/gSg+JJH7hmXaA8Qj42Qjz3O58RSB+INYc8iLA0icATZxHB9vKbj59ojDGZjO3hCKzMXocx3L0H8w==}

  '@noble/secp256k1@3.0.0':
    resolution: {integrity: sha512-NJBaR352KyIvj3t6sgT/+7xrNyF9Xk9QlLSIqUGVUYlsnDTAUqY8LOmwpcgEx4AMJXRITQ5XEVHD+mMaPfr3mg==}

  '@nodelib/fs.scandir@2.1.5':
    resolution: {integrity: sha512-vq24Bq3ym5HEQm2NKCr3yXDwjc7vTsEThRDnkp2DK9p1uqLR+DHurm/NOTo0KG7HYHU7eppKZj3MyqYuMBf62g==}
    engines: {node: '>= 8'}

  '@nodelib/fs.stat@2.0.5':
    resolution: {integrity: sha512-RkhPPp2zrqDAQA/2jNhnztcPAlv64XdhIp7a7454A5ovI7Bukxgt7MX7udwAu3zg1DcpPU0rz3VV1SeaqvY4+A==}
    engines: {node: '>= 8'}

  '@nodelib/fs.walk@1.2.8':
    resolution: {integrity: sha512-oGB+UxlgWcgQkgwo8GcEGwemoTFt3FIO9ababBmaGwXIoBKZ+GTy0pP185beGg7Llih/NSHSV2XAs1lnznocSg==}
    engines: {node: '>= 8'}

  '@optique/core@0.6.11':
    resolution: {integrity: sha512-GVLFihzBA1j78NFlkU5N1Lu0jRqET0k6Z66WK8VQKG/a3cxmCInVGSKMIdQG8i6pgC8wD5OizF6Y3QMztmhAxg==}
    engines: {bun: '>=1.2.0', deno: '>=2.3.0', node: '>=20.0.0'}

  '@optique/run@0.6.11':
    resolution: {integrity: sha512-tsXBEygGSzNpFK2gjsRlXBn7FiScUeLFWIZNpoAZ8iG85Km0/3K9xgqlQAXoQ+uEZBe4XplnzyCDvmEgbyNT8w==}
    engines: {bun: '>=1.2.0', deno: '>=2.3.0', node: '>=20.0.0'}

  '@sindresorhus/merge-streams@4.0.0':
    resolution: {integrity: sha512-tlqY9xq5ukxTUZBmoOp+m61cqwQD5pHJtFY3Mn8CA8ps6yghLH/Hw8UPdqg4OLmFW3IFlcXnQNmo/dh8HzXYIQ==}
    engines: {node: '>=18'}

  '@standard-schema/spec@1.1.0':
    resolution: {integrity: sha512-l2aFy5jALhniG5HgqrD6jXLi/rUWrKvqN/qJx6yoJsgKhblVd+iqqU4RCXavm/jPityDo5TCvKMnpjKnOriy0w==}

  '@typelex/emitter@0.4.0':
    resolution: {integrity: sha512-BaKny+8TA0yX5jZibkAodHHKLJ6l6xVe5ut7KeoUyTD63lSSuB9OXe8tWXrs2DbeR/hialCimHFZQ3xANleMow==}
    peerDependencies:
      '@typespec/compiler': ^1.4.0

  '@types/bun@1.3.10':
    resolution: {integrity: sha512-0+rlrUrOrTSskibryHbvQkDOWRJwJZqZlxrUs1u4oOoTln8+WIXBPmAuCF35SWB2z4Zl3E84Nl/D0P7803nigQ==}

  '@types/node@25.3.5':
    resolution: {integrity: sha512-oX8xrhvpiyRCQkG1MFchB09f+cXftgIXb3a7UUa4Y3wpmZPw5tyZGTLWhlESOLq1Rq6oDlc8npVU2/9xiCuXMA==}

  '@typespec/compiler@1.9.0':
    resolution: {integrity: sha512-Rz9fFWQSTJSnhBfZvtA/bDIuO82fknYdtyMsL9lZNJE82rquC6JByHPFsnbGH1VXA0HhMj9L7Oqyp3f0m/BTOA==}
    engines: {node: '>=20.0.0'}
    hasBin: true

  ajv@8.17.1:
    resolution: {integrity: sha512-B/gBuNg5SiMTrPkC+A2+cW0RszwxYmn6VYxB/inlBStS5nx6xHIt/ehKRhIMhqusl7a8LjQoZnjCs5vhwxOQ1g==}

  ansi-regex@6.2.2:
    resolution: {integrity: sha512-Bq3SmSpyFHaWjPk8If9yc6svM8c56dB5BAtW4Qbw5jHTwwXXcTLoRMkpDJp6VL0XzlWaCHTXrkFURMYmD0sLqg==}
    engines: {node: '>=12'}

  ansi-styles@6.2.3:
    resolution: {integrity: sha512-4Dj6M28JB+oAH8kFkTLUo+a2jwOFkuqb3yucU0CANcRRUbxS0cP0nZYCGjcc3BNXwRIsUVmDGgzawme7zvJHvg==}
    engines: {node: '>=12'}

  braces@3.0.3:
    resolution: {integrity: sha512-yQbXgO/OSZVD2IsiLlro+7Hf6Q18EJrKSEsdoMzKePKXct3gvD8oLcOQdIzGupr5Fj+EDe8gO/lxc1BzfMpxvA==}
    engines: {node: '>=8'}

  bun-types@1.3.10:
    resolution: {integrity: sha512-tcpfCCl6XWo6nCVnpcVrxQ+9AYN1iqMIzgrSKYMB/fjLtV2eyAVEg7AxQJuCq/26R6HpKWykQXuSOq/21RYcbg==}

  change-case@5.4.4:
    resolution: {integrity: sha512-HRQyTk2/YPEkt9TnUPbOpr64Uw3KOicFWPVBb+xiHvd6eBx/qPr9xqfBFDT8P2vWsvvz4jbEkfDe71W3VyNu2w==}

  chardet@2.1.1:
    resolution: {integrity: sha512-PsezH1rqdV9VvyNhxxOW32/d75r01NY7TQCmOqomRo15ZSOKbpTFVsfjghxo6JloQUCGnH4k1LGu0R4yCLlWQQ==}

  chownr@3.0.0:
    resolution: {integrity: sha512-+IxzY9BZOQd/XuYPRmrvEVjF/nqj5kgT4kEq7VofrDoM1MxoRjEWkrCC3EtLi59TVawxTAn+orJwFQcrqEN1+g==}
    engines: {node: '>=18'}

  cli-width@4.1.0:
    resolution: {integrity: sha512-ouuZd4/dm2Sw5Gmqy6bGyNNNe1qt9RpmxveLSO7KcgsTnU7RXfsw+/bukWGo1abgBiMAic068rclZsO4IWmmxQ==}
    engines: {node: '>= 12'}

  cliui@9.0.1:
    resolution: {integrity: sha512-k7ndgKhwoQveBL+/1tqGJYNz097I7WOvwbmmU2AR5+magtbjPWQTS1C5vzGkBC8Ym8UWRzfKUzUUqFLypY4Q+w==}
    engines: {node: '>=20'}

  emoji-regex@10.6.0:
    resolution: {integrity: sha512-toUI84YS5YmxW219erniWD0CIVOo46xGKColeNQRgOzDorgBi1v4D71/OFzgD9GO2UGKIv1C3Sp8DAn0+j5w7A==}

  env-paths@3.0.0:
    resolution: {integrity: sha512-dtJUTepzMW3Lm/NPxRf3wP4642UWhjL2sQxc+ym2YMj1m/H2zDNQOlezafzkHwn6sMstjHTwG6iQQsctDW/b1A==}
    engines: {node: ^12.20.0 || ^14.13.1 || >=16.0.0}

  escalade@3.2.0:
    resolution: {integrity: sha512-WUj2qlxaQtO4g6Pq5c29GTcWGDyd8itL8zTlipgECz3JesAiiOKotd8JU6otB3PACgG6xkJUyVhboMS+bje/jA==}
    engines: {node: '>=6'}

  esm-env@1.2.2:
    resolution: {integrity: sha512-Epxrv+Nr/CaL4ZcFGPJIYLWFom+YeV1DqMLHJoEd9SYRxNbaFruBwfEX/kkHUJf55j2+TUbmDcmuilbP1TmXHA==}

  event-target-polyfill@0.0.4:
    resolution: {integrity: sha512-Gs6RLjzlLRdT8X9ZipJdIZI/Y6/HhRLyq9RdDlCsnpxr/+Nn6bU2EFGuC94GjxqhM+Nmij2Vcq98yoHrU8uNFQ==}

  fast-deep-equal@3.1.3:
    resolution: {integrity: sha512-f3qQ9oQy9j2AhBe/H9VC91wLmKBCCU/gDOnKNAYG5hswO7BLKj09Hc5HYNz9cGI++xlpDCIgDaitVs03ATR84Q==}

  fast-glob@3.3.3:
    resolution: {integrity: sha512-7MptL8U0cqcFdzIzwOTHoilX9x5BrNqye7Z/LuC7kCMRio1EMSyqRK3BEAUD7sXRq4iT4AzTVuZdhgQ2TCvYLg==}
    engines: {node: '>=8.6.0'}

  fast-string-truncated-width@3.0.3:
    resolution: {integrity: sha512-0jjjIEL6+0jag3l2XWWizO64/aZVtpiGE3t0Zgqxv0DPuxiMjvB3M24fCyhZUO4KomJQPj3LTSUnDP3GpdwC0g==}

  fast-string-width@3.0.2:
    resolution: {integrity: sha512-gX8LrtNEI5hq8DVUfRQMbr5lpaS4nMIWV+7XEbXk2b8kiQIizgnlr12B4dA3ZEx3308ze0O4Q1R+cHts8kyUJg==}

  fast-uri@3.1.0:
    resolution: {integrity: sha512-iPeeDKJSWf4IEOasVVrknXpaBV0IApz/gp7S2bb7Z4Lljbl2MGJRqInZiUrQwV16cpzw/D3S5j5Julj/gT52AA==}

  fast-wrap-ansi@0.2.0:
    resolution: {integrity: sha512-rLV8JHxTyhVmFYhBJuMujcrHqOT2cnO5Zxj37qROj23CP39GXubJRBUFF0z8KFK77Uc0SukZUf7JZhsVEQ6n8w==}

  fastq@1.20.1:
    resolution: {integrity: sha512-GGToxJ/w1x32s/D2EKND7kTil4n8OVk/9mycTc4VDza13lOvpUZTGX3mFSCtV9ksdGBVzvsyAVLM6mHFThxXxw==}

  fill-range@7.1.1:
    resolution: {integrity: sha512-YsGpe3WHLK8ZYi4tWDg2Jy3ebRz2rXowDxnld4bkQB00cc/1Zw9AWnC0i9ztDJitivtQvaI9KaLyKrc+hBW0yg==}
    engines: {node: '>=8'}

  get-caller-file@2.0.5:
    resolution: {integrity: sha512-DyFP3BM/3YHTQOCUL/w0OZHR0lpKeGrxotcHWcqNEdnltqFwXVfhEBQ94eIo34AfQpo0rGki4cyIiftY06h2Fg==}
    engines: {node: 6.* || 8.* || >= 10.*}

  get-east-asian-width@1.5.0:
    resolution: {integrity: sha512-CQ+bEO+Tva/qlmw24dCejulK5pMzVnUOFOijVogd3KQs07HnRIgp8TGipvCCRT06xeYEbpbgwaCxglFyiuIcmA==}
    engines: {node: '>=18'}

  glob-parent@5.1.2:
    resolution: {integrity: sha512-AOIgSQCepiJYwP3ARnGx+5VnTu2HBYdzbGP45eLw1vr3zB3vZLeyed1sC9hnbcOc9/SrMyM5RPQrkGz4aS9Zow==}
    engines: {node: '>= 6'}

  globby@16.1.1:
    resolution: {integrity: sha512-dW7vl+yiAJSp6aCekaVnVJxurRv7DCOLyXqEG3RYMYUg7AuJ2jCqPkZTA8ooqC2vtnkaMcV5WfFBMuEnTu1OQg==}
    engines: {node: '>=20'}

  iconv-lite@0.7.2:
    resolution: {integrity: sha512-im9DjEDQ55s9fL4EYzOAv0yMqmMBSZp6G0VvFyTMPKWxiSBHUj9NW/qqLmXUwXrrM7AvqSlTCfvqRb0cM8yYqw==}
    engines: {node: '>=0.10.0'}

  ignore@7.0.5:
    resolution: {integrity: sha512-Hs59xBNfUIunMFgWAbGX5cq6893IbWg4KnrjbYwX3tx0ztorVgTDA6B2sxf8ejHJ4wz8BqGUMYlnzNBer5NvGg==}
    engines: {node: '>= 4'}

  is-extglob@2.1.1:
    resolution: {integrity: sha512-SbKbANkN603Vi4jEZv49LeVJMn4yGwsbzZworEoyEiutsN3nJYdbO36zfhGJ6QEDpOZIFkDtnq5JRxmvl3jsoQ==}
    engines: {node: '>=0.10.0'}

  is-glob@4.0.3:
    resolution: {integrity: sha512-xelSayHH36ZgE7ZWhli7pW34hNbNl8Ojv5KVmkJD4hBdD3th8Tfk9vYasLM+mXWOZhFkgZfxhLSnrwRr4elSSg==}
    engines: {node: '>=0.10.0'}

  is-number@7.0.0:
    resolution: {integrity: sha512-41Cifkg6e8TylSpdtTpeLVMqvSBEVzTttHvERD741+pnZ8ANv0004MRL43QKPDlK9cGvNp6NZWZUBlbGXYxxng==}
    engines: {node: '>=0.12.0'}

  is-path-inside@4.0.0:
    resolution: {integrity: sha512-lJJV/5dYS+RcL8uQdBDW9c9uWFLLBNRyFhnAKXw5tVqLlKZ4RMGZKv+YQ/IA3OhD+RpbJa1LLFM1FQPGyIXvOA==}
    engines: {node: '>=12'}

  is-unicode-supported@2.1.0:
    resolution: {integrity: sha512-mE00Gnza5EEB3Ds0HfMyllZzbBrmLOX3vfWoj9A9PEnTfratQ/BcaJOuMhnkhjXvb2+FkY3VuHqtAGpTPmglFQ==}
    engines: {node: '>=18'}

  isomorphic.js@0.2.5:
    resolution: {integrity: sha512-PIeMbHqMt4DnUP3MA/Flc0HElYjMXArsw1qwJZcm9sqR8mq3l8NYizFMty0pWwE/tzIGH3EKK5+jes5mAr85yw==}

  js-base64@3.7.8:
    resolution: {integrity: sha512-hNngCeKxIUQiEUN3GPJOkz4wF/YvdUdbNL9hsBcMQTkKzboD7T/q3OYOuuPZLUE6dBxSGpwhk5mwuDud7JVAow==}

  js-tokens@4.0.0:
    resolution: {integrity: sha512-RdJUflcE3cUzKiMqQgsCu06FPu9UdIJO0beYbPhHN4k6apgJtifcoCtT9bcxOpYBtpD2kCM6Sbzg4CausW/PKQ==}

  json-schema-traverse@1.0.0:
    resolution: {integrity: sha512-NM8/P9n3XjXhIZn1lLhkFaACTOURQXjWhV4BA/RnOv8xvgqtqpAX9IO4mRQxSx1Rlo4tqzeqb0sOlruaOy3dug==}

  kitty-agent@11.0.1:
    resolution: {integrity: sha512-jKiuJezZezK8qZCWMBPdyc+K0nKpaFLO2q7mVUjjBeJMhD2fkohUDdBcOny1kHmWGMp/0AVdBgOVtjQ5l/7CeQ==}
    peerDependencies:
      '@atcute/atproto': ^3.1.10
      '@atcute/cid': ^2.4.1
      '@atcute/client': ^4.2.1
      '@atcute/identity': ^1.1.3
      '@atcute/identity-resolver': ^1.2.2
      '@atcute/lexicons': ^1.2.9
      '@atcute/oauth-browser-client': ^3.0.0
      '@atproto/syntax': ^0.4.3

  lib0@0.2.117:
    resolution: {integrity: sha512-DeXj9X5xDCjgKLU/7RR+/HQEVzuuEUiwldwOGsHK/sfAfELGWEyTcf0x+uOvCvK3O2zPmZePXWL85vtia6GyZw==}
    engines: {node: '>=16'}
    hasBin: true

  merge2@1.4.1:
    resolution: {integrity: sha512-8q7VEgMJW4J8tcfVPy8g09NcQwZdbwFEqhe/WZkoIzjn/3TGDwtOCYtXGxA3O8tPzpczCCDgv+P2P5y00ZJOOg==}
    engines: {node: '>= 8'}

  micromatch@4.0.8:
    resolution: {integrity: sha512-PXwfBhYu0hBCPw8Dn0E+WDYb7af3dSLVWKi3HGv84IdF4TyFoC0ysxFd0Goxw7nSv4T/PzEJQxsYsEiFCKo2BA==}
    engines: {node: '>=8.6'}

  minipass@7.1.3:
    resolution: {integrity: sha512-tEBHqDnIoM/1rXME1zgka9g6Q2lcoCkxHLuc7ODJ5BxbP5d4c2Z5cGgtXAku59200Cx7diuHTOYfSBD8n6mm8A==}
    engines: {node: '>=16 || 14 >=14.17'}

  minizlib@3.1.0:
    resolution: {integrity: sha512-KZxYo1BUkWD2TVFLr0MQoM8vUUigWD3LlD83a/75BqC+4qE0Hb1Vo5v1FgcfaNXvfXzr+5EhQ6ing/CaBijTlw==}
    engines: {node: '>= 18'}

  mustache@4.2.0:
    resolution: {integrity: sha512-71ippSywq5Yb7/tVYyGbkBggbU8H3u5Rz56fH60jGFgr8uHwxs+aSKeqmluIVzM0m0kB7xQjKS6qPfd0b2ZoqQ==}
    hasBin: true

  mute-stream@3.0.0:
    resolution: {integrity: sha512-dkEJPVvun4FryqBmZ5KhDo0K9iDXAwn08tMLDinNdRBNPcYEDiWYysLcc6k3mjTMlbP9KyylvRpd4wFtwrT9rw==}
    engines: {node: ^20.17.0 || >=22.9.0}

  nanoid@5.1.6:
    resolution: {integrity: sha512-c7+7RQ+dMB5dPwwCp4ee1/iV/q2P6aK1mTZcfr1BTuVlyW9hJYiMPybJCcnBlQtuSmTIWNeazm/zqNoZSSElBg==}
    engines: {node: ^18 || >=20}
    hasBin: true

  node-gyp-build@4.8.4:
    resolution: {integrity: sha512-LA4ZjwlnUblHVgq0oBF3Jl/6h/Nvs5fzBLwdEF4nuxnFdsfajde4WfxtJr3CaiH+F6ewcIB/q4jQ4UzPyid+CQ==}
    hasBin: true

  partysocket@1.1.16:
    resolution: {integrity: sha512-d7xFv+ZC7x0p/DAHWJ5FhxQhimIx+ucyZY+kxL0cKddLBmK9c4p2tEA/L+dOOrWm6EYrRwrBjKQV0uSzOY9x1w==}
    peerDependencies:
      react: '>=17'
    peerDependenciesMeta:
      react:
        optional: true

  picocolors@1.1.1:
    resolution: {integrity: sha512-xceH2snhtb5M9liqDsmEw56le376mTZkEX/jEb/RxNFyegNul7eNslCXP9FDj/Lcu0X8KEyMceP2ntpaHrDEVA==}

  picomatch@2.3.1:
    resolution: {integrity: sha512-JU3teHTNjmE2VCGFzuY8EXzCDVwEqB2a8fsIvwaStHhAWJEeVd1o1QD80CU6+ZdEXXSLbSsuLwJjkCBWqRQUVA==}
    engines: {node: '>=8.6'}

  prettier@3.8.1:
    resolution: {integrity: sha512-UOnG6LftzbdaHZcKoPFtOcCKztrQ57WkHDeRD9t/PTQtmT0NHSeWWepj6pS0z/N7+08BHFDQVUrfmfMRcZwbMg==}
    engines: {node: '>=14'}
    hasBin: true

  queue-microtask@1.2.3:
    resolution: {integrity: sha512-NuaNSa6flKT5JaSYQzJok04JzTL1CA6aGhv5rfLW3PgqA+M2ChpZQnAC8h8i4ZFkBS8X5RqkDBHA7r4hej3K9A==}

  require-from-string@2.0.2:
    resolution: {integrity: sha512-Xf0nWe6RseziFMu+Ap9biiUbmplq6S9/p+7w7YXP/JBHhrUDDUhwa+vANyubuqfZWTveU//DYVGsDG7RKL/vEw==}
    engines: {node: '>=0.10.0'}

  reusify@1.1.0:
    resolution: {integrity: sha512-g6QUff04oZpHs0eG5p83rFLhHeV00ug/Yf9nZM6fLeUrPguBTkTQOdpAWWspMh55TZfVQDPaN3NQJfbVRAxdIw==}
    engines: {iojs: '>=1.0.0', node: '>=0.10.0'}

  run-parallel@1.2.0:
    resolution: {integrity: sha512-5l4VyZR86LZ/lDxZTR6jqL8AFE2S0IFLMP26AbjsLVADxHdhB/c0GUsH+y39UfCi3dzz8OlQuPmnaJOMoDHQBA==}

  safer-buffer@2.1.2:
    resolution: {integrity: sha512-YZo3K82SD7Riyi0E1EQPojLz7kpepnSQI9IyPbHHg1XXXevb5dJI7tpyN2ADxGcQbHG7vcyRHk0cbwqcQriUtg==}

  semver@7.7.4:
    resolution: {integrity: sha512-vFKC2IEtQnVhpT78h1Yp8wzwrf8CM+MzKMHGJZfBtzhZNycRFnXsHk6E5TxIkkMsgNS7mdX3AGB7x2QM2di4lA==}
    engines: {node: '>=10'}
    hasBin: true

  signal-exit@4.1.0:
    resolution: {integrity: sha512-bzyZ1e88w9O1iNJbKnOlvYTrWPDl46O1bG0D3XInv+9tkPrxrN8jUUTiFlDkkmKWgn1M6CfIA13SuGqOa9Korw==}
    engines: {node: '>=14'}

  slash@5.1.0:
    resolution: {integrity: sha512-ZA6oR3T/pEyuqwMgAKT0/hAv8oAXckzbkmR0UkUosQ+Mc4RxGoJkRmwHgHufaenlyAgE1Mxgpdcrf75y6XcnDg==}
    engines: {node: '>=14.16'}

  string-width@7.2.0:
    resolution: {integrity: sha512-tsaTIkKW9b4N+AEj+SVA+WhJzV7/zMhcSu78mLKWSk7cXMOSHsBKFWUs0fWwq8QyK3MgJBQRX6Gbi4kYbdvGkQ==}
    engines: {node: '>=18'}

  strip-ansi@7.2.0:
    resolution: {integrity: sha512-yDPMNjp4WyfYBkHnjIRLfca1i6KMyGCtsVgoKe/z1+6vukgaENdgGBZt+ZmKPc4gavvEZ5OgHfHdrazhgNyG7w==}
    engines: {node: '>=12'}

  tar@7.5.10:
    resolution: {integrity: sha512-8mOPs1//5q/rlkNSPcCegA6hiHJYDmSLEI8aMH/CdSQJNWztHC9WHNam5zdQlfpTwB9Xp7IBEsHfV5LKMJGVAw==}
    engines: {node: '>=18'}

  temporal-polyfill@0.3.0:
    resolution: {integrity: sha512-qNsTkX9K8hi+FHDfHmf22e/OGuXmfBm9RqNismxBrnSmZVJKegQ+HYYXT+R7Ha8F/YSm2Y34vmzD4cxMu2u95g==}

  temporal-spec@0.3.0:
    resolution: {integrity: sha512-n+noVpIqz4hYgFSMOSiINNOUOMFtV5cZQNCmmszA6GiVFVRt3G7AqVyhXjhCSmowvQn+NsGn+jMDMKJYHd3bSQ==}

  to-regex-range@5.0.1:
    resolution: {integrity: sha512-65P7iz6X5yEr1cwcgvQxbbIw7Uk3gOy5dIdtZ4rDveLqhrdJP+Li/Hx6tyK0NEb+2GCyneCMJiGqrADCSNk8sQ==}
    engines: {node: '>=8.0'}

  tslib@2.8.1:
    resolution: {integrity: sha512-oJFu94HQb+KVduSUQL7wnpmqnfmLsOA/nAh6b6EH0wCEoK0/mPeXU6c3wKDV83MkOuHPRHtSXKKU99IBazS/2w==}

  type-fest@4.41.0:
    resolution: {integrity: sha512-TeTSQ6H5YHvpqVwBRcnLDCBnDOHWYu7IvGbHT6N8AOymcr9PJGjc1GTtiWZTYg0NCgYwvnYWEkVChQAr9bjfwA==}
    engines: {node: '>=16'}

  undici-types@7.18.2:
    resolution: {integrity: sha512-AsuCzffGHJybSaRrmr5eHr81mwJU3kjw6M+uprWvCXiNeN9SOGwQ3Jn8jb8m3Z6izVgknn1R0FTCEAP2QrLY/w==}

  unicode-segmenter@0.14.5:
    resolution: {integrity: sha512-jHGmj2LUuqDcX3hqY12Ql+uhUTn8huuxNZGq7GvtF6bSybzH3aFgedYu/KTzQStEgt1Ra2F3HxadNXsNjb3m3g==}

  unicorn-magic@0.4.0:
    resolution: {integrity: sha512-wH590V9VNgYH9g3lH9wWjTrUoKsjLF6sGLjhR4sH1LWpLmCOH0Zf7PukhDA8BiS7KHe4oPNkcTHqYkj7SOGUOw==}
    engines: {node: '>=20'}

  vscode-jsonrpc@8.2.0:
    resolution: {integrity: sha512-C+r0eKJUIfiDIfwJhria30+TYWPtuHJXHtI7J0YlOmKAo7ogxP20T0zxB7HZQIFhIyvoBPwWskjxrvAtfjyZfA==}
    engines: {node: '>=14.0.0'}

  vscode-languageserver-protocol@3.17.5:
    resolution: {integrity: sha512-mb1bvRJN8SVznADSGWM9u/b07H7Ecg0I3OgXDuLdn307rl/J3A9YD6/eYOssqhecL27hK1IPZAsaqh00i/Jljg==}

  vscode-languageserver-textdocument@1.0.12:
    resolution: {integrity: sha512-cxWNPesCnQCcMPeenjKKsOCKQZ/L6Tv19DTRIGuLWe32lyzWhihGVJ/rcckZXJxfdKCFvRLS3fpBIsV/ZGX4zA==}

  vscode-languageserver-types@3.17.5:
    resolution: {integrity: sha512-Ld1VelNuX9pdF39h2Hgaeb5hEZM2Z3jUrrMgWQAu82jMtZp7p3vJT3BzToKtZI7NgQssZje5o0zryOrhQvzQAg==}

  vscode-languageserver@9.0.1:
    resolution: {integrity: sha512-woByF3PDpkHFUreUa7Hos7+pUWdeWMXRd26+ZX2A8cFx6v/JPTtd4/uN0/jB6XQHYaOlHbio03NTHCqrgG5n7g==}
    hasBin: true

  wrap-ansi@9.0.2:
    resolution: {integrity: sha512-42AtmgqjV+X1VpdOfyTGOYRi0/zsoLqtXQckTmqTeybT+BDIbM/Guxo7x3pE2vtpr1ok6xRqM9OpBe+Jyoqyww==}
    engines: {node: '>=18'}

  y-protocols@1.0.7:
    resolution: {integrity: sha512-YSVsLoXxO67J6eE/nV4AtFtT3QEotZf5sK5BHxFBXso7VDUT3Tx07IfA6hsu5Q5OmBdMkQVmFZ9QOA7fikWvnw==}
    engines: {node: '>=16.0.0', npm: '>=8.0.0'}
    peerDependencies:
      yjs: ^13.0.0

  y18n@5.0.8:
    resolution: {integrity: sha512-0pfFzegeDWJHJIAmTLRP2DwHjdF5s7jo9tuztdQxAhINCdvS+3nGINqPd00AphqJR/0LhANUS6/+7SCb98YOfA==}
    engines: {node: '>=10'}

  yallist@5.0.0:
    resolution: {integrity: sha512-YgvUTfwqyc7UXVMrB+SImsVYSmTS8X/tSrtdNZMImM+n7+QTriRXyXim0mBrTXNeqzVF0KWGgHPeiyViFFrNDw==}
    engines: {node: '>=18'}

  yaml@2.8.2:
    resolution: {integrity: sha512-mplynKqc1C2hTVYxd0PU2xQAc22TI1vShAYGksCCfxbn/dFwnHTNi1bvYsBTkhdUNtGIf5xNOg938rrSSYvS9A==}
    engines: {node: '>= 14.6'}
    hasBin: true

  yargs-parser@22.0.0:
    resolution: {integrity: sha512-rwu/ClNdSMpkSrUb+d6BRsSkLUq1fmfsY6TOpYzTwvwkg1/NRG85KBy3kq++A8LKQwX6lsu+aWad+2khvuXrqw==}
    engines: {node: ^20.19.0 || ^22.12.0 || >=23}

  yargs@18.0.0:
    resolution: {integrity: sha512-4UEqdc2RYGHZc7Doyqkrqiln3p9X2DZVxaGbwhn2pi7MrRagKaOcIKe8L3OxYcbhXLgLFUS3zAYuQjKBQgmuNg==}
    engines: {node: ^20.19.0 || ^22.12.0 || >=23}

  yjs@13.6.29:
    resolution: {integrity: sha512-kHqDPdltoXH+X4w1lVmMtddE3Oeqq48nM40FD5ojTd8xYhQpzIDcfE2keMSU5bAgRPJBe225WTUdyUgj1DtbiQ==}
    engines: {node: '>=16.0.0', npm: '>=8.0.0'}

  yocto-queue@1.2.2:
    resolution: {integrity: sha512-4LCcse/U2MHZ63HAJVE+v71o7yOdIe4cZ70Wpf8D/IyjDKYQLV5GD46B+hSTjJsvV5PztjvHoU580EftxjDZFQ==}
    engines: {node: '>=12.20'}

snapshots:

  '@atcute/atproto@3.1.10':
    dependencies:
      '@atcute/lexicons': 1.2.9

  '@atcute/car@5.1.1':
    dependencies:
      '@atcute/cbor': 2.3.2
      '@atcute/cid': 2.4.1
      '@atcute/uint8array': 1.1.1
      '@atcute/varint': 2.0.0

  '@atcute/cbor@2.3.2':
    dependencies:
      '@atcute/cid': 2.4.1
      '@atcute/multibase': 1.1.8
      '@atcute/uint8array': 1.1.1

  '@atcute/cid@2.4.1':
    dependencies:
      '@atcute/multibase': 1.1.8
      '@atcute/uint8array': 1.1.1

  '@atcute/client@4.2.1':
    dependencies:
      '@atcute/identity': 1.1.3
      '@atcute/lexicons': 1.2.9

  '@atcute/crypto@2.4.0':
    dependencies:
      '@atcute/multibase': 1.1.8
      '@atcute/uint8array': 1.1.1
      '@noble/secp256k1': 3.0.0

  '@atcute/identity-resolver@1.2.2(@atcute/identity@1.1.3)':
    dependencies:
      '@atcute/identity': 1.1.3
      '@atcute/lexicons': 1.2.9
      '@atcute/util-fetch': 1.0.5
      '@badrap/valita': 0.4.6

  '@atcute/identity@1.1.3':
    dependencies:
      '@atcute/lexicons': 1.2.9
      '@badrap/valita': 0.4.6

  '@atcute/jetstream@1.1.2':
    dependencies:
      '@atcute/lexicons': 1.2.9
      '@badrap/valita': 0.4.6
      '@mary-ext/event-iterator': 1.0.0
      '@mary-ext/simple-event-emitter': 1.0.1
      partysocket: 1.1.16
      type-fest: 4.41.0
      yocto-queue: 1.2.2
    transitivePeerDependencies:
      - react

  '@atcute/lex-cli@2.5.3':
    dependencies:
      '@atcute/identity': 1.1.3
      '@atcute/identity-resolver': 1.2.2(@atcute/identity@1.1.3)
      '@atcute/lexicon-doc': 2.1.1
      '@atcute/lexicon-resolver': 0.1.6(@atcute/identity-resolver@1.2.2(@atcute/identity@1.1.3))(@atcute/identity@1.1.3)
      '@atcute/lexicons': 1.2.9
      '@badrap/valita': 0.4.6
      '@optique/core': 0.6.11
      '@optique/run': 0.6.11
      picocolors: 1.1.1
      prettier: 3.8.1

  '@atcute/lexicon-doc@2.1.1':
    dependencies:
      '@atcute/identity': 1.1.3
      '@atcute/lexicons': 1.2.9
      '@atcute/uint8array': 1.1.1
      '@atcute/util-text': 1.1.1
      '@badrap/valita': 0.4.6

  '@atcute/lexicon-resolver@0.1.6(@atcute/identity-resolver@1.2.2(@atcute/identity@1.1.3))(@atcute/identity@1.1.3)':
    dependencies:
      '@atcute/crypto': 2.4.0
      '@atcute/identity': 1.1.3
      '@atcute/identity-resolver': 1.2.2(@atcute/identity@1.1.3)
      '@atcute/lexicon-doc': 2.1.1
      '@atcute/lexicons': 1.2.9
      '@atcute/repo': 0.1.3
      '@atcute/util-fetch': 1.0.5
      '@badrap/valita': 0.4.6

  '@atcute/lexicons@1.2.9':
    dependencies:
      '@atcute/uint8array': 1.1.1
      '@atcute/util-text': 1.1.1
      '@standard-schema/spec': 1.1.0
      esm-env: 1.2.2

  '@atcute/mst@1.0.0':
    dependencies:
      '@atcute/cbor': 2.3.2
      '@atcute/cid': 2.4.1
      '@atcute/uint8array': 1.1.1

  '@atcute/multibase@1.1.8':
    dependencies:
      '@atcute/uint8array': 1.1.1

  '@atcute/oauth-browser-client@3.0.0(@atcute/identity@1.1.3)':
    dependencies:
      '@atcute/client': 4.2.1
      '@atcute/identity-resolver': 1.2.2(@atcute/identity@1.1.3)
      '@atcute/lexicons': 1.2.9
      '@atcute/multibase': 1.1.8
      '@atcute/oauth-crypto': 0.1.0
      '@atcute/oauth-types': 0.1.1
      nanoid: 5.1.6
    transitivePeerDependencies:
      - '@atcute/identity'

  '@atcute/oauth-crypto@0.1.0':
    dependencies:
      '@atcute/multibase': 1.1.8
      '@atcute/uint8array': 1.1.1
      '@badrap/valita': 0.4.6
      nanoid: 5.1.6

  '@atcute/oauth-keyset@0.1.0':
    dependencies:
      '@atcute/oauth-crypto': 0.1.0

  '@atcute/oauth-types@0.1.1':
    dependencies:
      '@atcute/identity': 1.1.3
      '@atcute/lexicons': 1.2.9
      '@atcute/oauth-keyset': 0.1.0
      '@badrap/valita': 0.4.6

  '@atcute/repo@0.1.3':
    dependencies:
      '@atcute/car': 5.1.1
      '@atcute/cbor': 2.3.2
      '@atcute/cid': 2.4.1
      '@atcute/crypto': 2.4.0
      '@atcute/lexicons': 1.2.9
      '@atcute/mst': 1.0.0
      '@atcute/uint8array': 1.1.1

  '@atcute/tid@1.1.2':
    dependencies:
      '@atcute/time-ms': 1.2.3

  '@atcute/time-ms@1.2.3':
    dependencies:
      '@types/bun': 1.3.10
      node-gyp-build: 4.8.4

  '@atcute/uint8array@1.1.1': {}

  '@atcute/util-fetch@1.0.5':
    dependencies:
      '@badrap/valita': 0.4.6

  '@atcute/util-text@1.1.1':
    dependencies:
      unicode-segmenter: 0.14.5

  '@atcute/varint@2.0.0': {}

  '@atproto/syntax@0.4.3':
    dependencies:
      tslib: 2.8.1

  '@babel/code-frame@7.28.6':
    dependencies:
      '@babel/helper-validator-identifier': 7.28.5
      js-tokens: 4.0.0
      picocolors: 1.1.1

  '@babel/helper-validator-identifier@7.28.5': {}

  '@badrap/valita@0.4.6': {}

  '@biomejs/biome@1.9.4':
    optionalDependencies:
      '@biomejs/cli-darwin-arm64': 1.9.4
      '@biomejs/cli-darwin-x64': 1.9.4
      '@biomejs/cli-linux-arm64': 1.9.4
      '@biomejs/cli-linux-arm64-musl': 1.9.4
      '@biomejs/cli-linux-x64': 1.9.4
      '@biomejs/cli-linux-x64-musl': 1.9.4
      '@biomejs/cli-win32-arm64': 1.9.4
      '@biomejs/cli-win32-x64': 1.9.4

  '@biomejs/cli-darwin-arm64@1.9.4':
    optional: true

  '@biomejs/cli-darwin-x64@1.9.4':
    optional: true

  '@biomejs/cli-linux-arm64-musl@1.9.4':
    optional: true

  '@biomejs/cli-linux-arm64@1.9.4':
    optional: true

  '@biomejs/cli-linux-x64-musl@1.9.4':
    optional: true

  '@biomejs/cli-linux-x64@1.9.4':
    optional: true

  '@biomejs/cli-win32-arm64@1.9.4':
    optional: true

  '@biomejs/cli-win32-x64@1.9.4':
    optional: true

  '@inquirer/ansi@2.0.3': {}

  '@inquirer/checkbox@5.1.0(@types/node@25.3.5)':
    dependencies:
      '@inquirer/ansi': 2.0.3
      '@inquirer/core': 11.1.5(@types/node@25.3.5)
      '@inquirer/figures': 2.0.3
      '@inquirer/type': 4.0.3(@types/node@25.3.5)
    optionalDependencies:
      '@types/node': 25.3.5

  '@inquirer/confirm@6.0.8(@types/node@25.3.5)':
    dependencies:
      '@inquirer/core': 11.1.5(@types/node@25.3.5)
      '@inquirer/type': 4.0.3(@types/node@25.3.5)
    optionalDependencies:
      '@types/node': 25.3.5

  '@inquirer/core@11.1.5(@types/node@25.3.5)':
    dependencies:
      '@inquirer/ansi': 2.0.3
      '@inquirer/figures': 2.0.3
      '@inquirer/type': 4.0.3(@types/node@25.3.5)
      cli-width: 4.1.0
      fast-wrap-ansi: 0.2.0
      mute-stream: 3.0.0
      signal-exit: 4.1.0
    optionalDependencies:
      '@types/node': 25.3.5

  '@inquirer/editor@5.0.8(@types/node@25.3.5)':
    dependencies:
      '@inquirer/core': 11.1.5(@types/node@25.3.5)
      '@inquirer/external-editor': 2.0.3(@types/node@25.3.5)
      '@inquirer/type': 4.0.3(@types/node@25.3.5)
    optionalDependencies:
      '@types/node': 25.3.5

  '@inquirer/expand@5.0.8(@types/node@25.3.5)':
    dependencies:
      '@inquirer/core': 11.1.5(@types/node@25.3.5)
      '@inquirer/type': 4.0.3(@types/node@25.3.5)
    optionalDependencies:
      '@types/node': 25.3.5

  '@inquirer/external-editor@2.0.3(@types/node@25.3.5)':
    dependencies:
      chardet: 2.1.1
      iconv-lite: 0.7.2
    optionalDependencies:
      '@types/node': 25.3.5

  '@inquirer/figures@2.0.3': {}

  '@inquirer/input@5.0.8(@types/node@25.3.5)':
    dependencies:
      '@inquirer/core': 11.1.5(@types/node@25.3.5)
      '@inquirer/type': 4.0.3(@types/node@25.3.5)
    optionalDependencies:
      '@types/node': 25.3.5

  '@inquirer/number@4.0.8(@types/node@25.3.5)':
    dependencies:
      '@inquirer/core': 11.1.5(@types/node@25.3.5)
      '@inquirer/type': 4.0.3(@types/node@25.3.5)
    optionalDependencies:
      '@types/node': 25.3.5

  '@inquirer/password@5.0.8(@types/node@25.3.5)':
    dependencies:
      '@inquirer/ansi': 2.0.3
      '@inquirer/core': 11.1.5(@types/node@25.3.5)
      '@inquirer/type': 4.0.3(@types/node@25.3.5)
    optionalDependencies:
      '@types/node': 25.3.5

  '@inquirer/prompts@8.3.0(@types/node@25.3.5)':
    dependencies:
      '@inquirer/checkbox': 5.1.0(@types/node@25.3.5)
      '@inquirer/confirm': 6.0.8(@types/node@25.3.5)
      '@inquirer/editor': 5.0.8(@types/node@25.3.5)
      '@inquirer/expand': 5.0.8(@types/node@25.3.5)
      '@inquirer/input': 5.0.8(@types/node@25.3.5)
      '@inquirer/number': 4.0.8(@types/node@25.3.5)
      '@inquirer/password': 5.0.8(@types/node@25.3.5)
      '@inquirer/rawlist': 5.2.4(@types/node@25.3.5)
      '@inquirer/search': 4.1.4(@types/node@25.3.5)
      '@inquirer/select': 5.1.0(@types/node@25.3.5)
    optionalDependencies:
      '@types/node': 25.3.5

  '@inquirer/rawlist@5.2.4(@types/node@25.3.5)':
    dependencies:
      '@inquirer/core': 11.1.5(@types/node@25.3.5)
      '@inquirer/type': 4.0.3(@types/node@25.3.5)
    optionalDependencies:
      '@types/node': 25.3.5

  '@inquirer/search@4.1.4(@types/node@25.3.5)':
    dependencies:
      '@inquirer/core': 11.1.5(@types/node@25.3.5)
      '@inquirer/figures': 2.0.3
      '@inquirer/type': 4.0.3(@types/node@25.3.5)
    optionalDependencies:
      '@types/node': 25.3.5

  '@inquirer/select@5.1.0(@types/node@25.3.5)':
    dependencies:
      '@inquirer/ansi': 2.0.3
      '@inquirer/core': 11.1.5(@types/node@25.3.5)
      '@inquirer/figures': 2.0.3
      '@inquirer/type': 4.0.3(@types/node@25.3.5)
    optionalDependencies:
      '@types/node': 25.3.5

  '@inquirer/type@4.0.3(@types/node@25.3.5)':
    optionalDependencies:
      '@types/node': 25.3.5

  '@isaacs/fs-minipass@4.0.1':
    dependencies:
      minipass: 7.1.3

  '@mary-ext/event-iterator@1.0.0':
    dependencies:
      yocto-queue: 1.2.2

  '@mary-ext/simple-event-emitter@1.0.1': {}

  '@noble/secp256k1@3.0.0': {}

  '@nodelib/fs.scandir@2.1.5':
    dependencies:
      '@nodelib/fs.stat': 2.0.5
      run-parallel: 1.2.0

  '@nodelib/fs.stat@2.0.5': {}

  '@nodelib/fs.walk@1.2.8':
    dependencies:
      '@nodelib/fs.scandir': 2.1.5
      fastq: 1.20.1

  '@optique/core@0.6.11': {}

  '@optique/run@0.6.11':
    dependencies:
      '@optique/core': 0.6.11

  '@sindresorhus/merge-streams@4.0.0': {}

  '@standard-schema/spec@1.1.0': {}

  '@typelex/emitter@0.4.0(@typespec/compiler@1.9.0(@types/node@25.3.5))':
    dependencies:
      '@typespec/compiler': 1.9.0(@types/node@25.3.5)

  '@types/bun@1.3.10':
    dependencies:
      bun-types: 1.3.10

  '@types/node@25.3.5':
    dependencies:
      undici-types: 7.18.2

  '@typespec/compiler@1.9.0(@types/node@25.3.5)':
    dependencies:
      '@babel/code-frame': 7.28.6
      '@inquirer/prompts': 8.3.0(@types/node@25.3.5)
      ajv: 8.17.1
      change-case: 5.4.4
      env-paths: 3.0.0
      globby: 16.1.1
      is-unicode-supported: 2.1.0
      mustache: 4.2.0
      picocolors: 1.1.1
      prettier: 3.8.1
      semver: 7.7.4
      tar: 7.5.10
      temporal-polyfill: 0.3.0
      vscode-languageserver: 9.0.1
      vscode-languageserver-textdocument: 1.0.12
      yaml: 2.8.2
      yargs: 18.0.0
    transitivePeerDependencies:
      - '@types/node'

  ajv@8.17.1:
    dependencies:
      fast-deep-equal: 3.1.3
      fast-uri: 3.1.0
      json-schema-traverse: 1.0.0
      require-from-string: 2.0.2

  ansi-regex@6.2.2: {}

  ansi-styles@6.2.3: {}

  braces@3.0.3:
    dependencies:
      fill-range: 7.1.1

  bun-types@1.3.10:
    dependencies:
      '@types/node': 25.3.5

  change-case@5.4.4: {}

  chardet@2.1.1: {}

  chownr@3.0.0: {}

  cli-width@4.1.0: {}

  cliui@9.0.1:
    dependencies:
      string-width: 7.2.0
      strip-ansi: 7.2.0
      wrap-ansi: 9.0.2

  emoji-regex@10.6.0: {}

  env-paths@3.0.0: {}

  escalade@3.2.0: {}

  esm-env@1.2.2: {}

  event-target-polyfill@0.0.4: {}

  fast-deep-equal@3.1.3: {}

  fast-glob@3.3.3:
    dependencies:
      '@nodelib/fs.stat': 2.0.5
      '@nodelib/fs.walk': 1.2.8
      glob-parent: 5.1.2
      merge2: 1.4.1
      micromatch: 4.0.8

  fast-string-truncated-width@3.0.3: {}

  fast-string-width@3.0.2:
    dependencies:
      fast-string-truncated-width: 3.0.3

  fast-uri@3.1.0: {}

  fast-wrap-ansi@0.2.0:
    dependencies:
      fast-string-width: 3.0.2

  fastq@1.20.1:
    dependencies:
      reusify: 1.1.0

  fill-range@7.1.1:
    dependencies:
      to-regex-range: 5.0.1

  get-caller-file@2.0.5: {}

  get-east-asian-width@1.5.0: {}

  glob-parent@5.1.2:
    dependencies:
      is-glob: 4.0.3

  globby@16.1.1:
    dependencies:
      '@sindresorhus/merge-streams': 4.0.0
      fast-glob: 3.3.3
      ignore: 7.0.5
      is-path-inside: 4.0.0
      slash: 5.1.0
      unicorn-magic: 0.4.0

  iconv-lite@0.7.2:
    dependencies:
      safer-buffer: 2.1.2

  ignore@7.0.5: {}

  is-extglob@2.1.1: {}

  is-glob@4.0.3:
    dependencies:
      is-extglob: 2.1.1

  is-number@7.0.0: {}

  is-path-inside@4.0.0: {}

  is-unicode-supported@2.1.0: {}

  isomorphic.js@0.2.5: {}

  js-base64@3.7.8: {}

  js-tokens@4.0.0: {}

  json-schema-traverse@1.0.0: {}

  kitty-agent@11.0.1(@atcute/atproto@3.1.10)(@atcute/cid@2.4.1)(@atcute/client@4.2.1)(@atcute/identity-resolver@1.2.2(@atcute/identity@1.1.3))(@atcute/identity@1.1.3)(@atcute/lexicons@1.2.9)(@atcute/oauth-browser-client@3.0.0(@atcute/identity@1.1.3))(@atproto/syntax@0.4.3):
    dependencies:
      '@atcute/atproto': 3.1.10
      '@atcute/cid': 2.4.1
      '@atcute/client': 4.2.1
      '@atcute/identity': 1.1.3
      '@atcute/identity-resolver': 1.2.2(@atcute/identity@1.1.3)
      '@atcute/lexicons': 1.2.9
      '@atcute/oauth-browser-client': 3.0.0(@atcute/identity@1.1.3)
      '@atproto/syntax': 0.4.3

  lib0@0.2.117:
    dependencies:
      isomorphic.js: 0.2.5

  merge2@1.4.1: {}

  micromatch@4.0.8:
    dependencies:
      braces: 3.0.3
      picomatch: 2.3.1

  minipass@7.1.3: {}

  minizlib@3.1.0:
    dependencies:
      minipass: 7.1.3

  mustache@4.2.0: {}

  mute-stream@3.0.0: {}

  nanoid@5.1.6: {}

  node-gyp-build@4.8.4: {}

  partysocket@1.1.16:
    dependencies:
      event-target-polyfill: 0.0.4

  picocolors@1.1.1: {}

  picomatch@2.3.1: {}

  prettier@3.8.1: {}

  queue-microtask@1.2.3: {}

  require-from-string@2.0.2: {}

  reusify@1.1.0: {}

  run-parallel@1.2.0:
    dependencies:
      queue-microtask: 1.2.3

  safer-buffer@2.1.2: {}

  semver@7.7.4: {}

  signal-exit@4.1.0: {}

  slash@5.1.0: {}

  string-width@7.2.0:
    dependencies:
      emoji-regex: 10.6.0
      get-east-asian-width: 1.5.0
      strip-ansi: 7.2.0

  strip-ansi@7.2.0:
    dependencies:
      ansi-regex: 6.2.2

  tar@7.5.10:
    dependencies:
      '@isaacs/fs-minipass': 4.0.1
      chownr: 3.0.0
      minipass: 7.1.3
      minizlib: 3.1.0
      yallist: 5.0.0

  temporal-polyfill@0.3.0:
    dependencies:
      temporal-spec: 0.3.0

  temporal-spec@0.3.0: {}

  to-regex-range@5.0.1:
    dependencies:
      is-number: 7.0.0

  tslib@2.8.1: {}

  type-fest@4.41.0: {}

  undici-types@7.18.2: {}

  unicode-segmenter@0.14.5: {}

  unicorn-magic@0.4.0: {}

  vscode-jsonrpc@8.2.0: {}

  vscode-languageserver-protocol@3.17.5:
    dependencies:
      vscode-jsonrpc: 8.2.0
      vscode-languageserver-types: 3.17.5

  vscode-languageserver-textdocument@1.0.12: {}

  vscode-languageserver-types@3.17.5: {}

  vscode-languageserver@9.0.1:
    dependencies:
      vscode-languageserver-protocol: 3.17.5

  wrap-ansi@9.0.2:
    dependencies:
      ansi-styles: 6.2.3
      string-width: 7.2.0
      strip-ansi: 7.2.0

  y-protocols@1.0.7(yjs@13.6.29):
    dependencies:
      lib0: 0.2.117
      yjs: 13.6.29

  y18n@5.0.8: {}

  yallist@5.0.0: {}

  yaml@2.8.2: {}

  yargs-parser@22.0.0: {}

  yargs@18.0.0:
    dependencies:
      cliui: 9.0.1
      escalade: 3.2.0
      get-caller-file: 2.0.5
      string-width: 7.2.0
      y18n: 5.0.8
      yargs-parser: 22.0.0

  yjs@13.6.29:
    dependencies:
      lib0: 0.2.117

  yocto-queue@1.2.2: {}
